{
  "name": "my-app",
  "version": "1.0.0",
  "lockfileVersion": 3,
  "packages": {
    "": {
      "name": "my-app",
      "version": "1.0.0"
    },
    "node_modules/express": {
      "version": "4.18.2",
      "license": "MIT",
      "dependencies": {
        "lodash": "^4.17.21"
      }
    },
    "node_modules/lodash": {
      "version": "4.17.21",
      "license": "MIT"
    },
    "node_modules/jest": {
      "version": "29.5.0",
      "license": "MIT",
      "dev": true
    }
  }
}
